
Microsoft Visual Studio Solution File, Format Version 12.00
# Visual Studio Version 16
VisualStudioVersion = 16.0.31507.150
MinimumVisualStudioVersion = 10.0.40219.1
Project("{FAE04EC0-301F-11D3-BF4B-00C04F79EFBC}") = "ReBuyMobile.Android", "ReBuyMobile\ReBuyMobile.Android\ReBuyMobile.Android.csproj", "{56C73BE0-D4A1-43C7-9872-A9B9ED3D098C}"
EndProject
Project("{FAE04EC0-301F-11D3-BF4B-00C04F79EFBC}") = "ReBuyMobile.iOS", "ReBuyMobile\ReBuyMobile.iOS\ReBuyMobile.iOS.csproj", "{CE61BE06-102C-4465-82F3-C881CE36931A}"
EndProject
Project("{FAE04EC0-301F-11D3-BF4B-00C04F79EFBC}") = "ReBuyMobile", "ReBuyMobile\ReBuyMobile\ReBuyMobile.csproj", "{AC75EFEF-9248-4226-879E-DE576AE198B1}"
EndProject
Global
	GlobalSection(SolutionConfigurationPlatforms) = preSolution
		Debug|Any CPU = Debug|Any CPU
		Debug|iPhone = Debug|iPhone
		Debug|iPhoneSimulator = Debug|iPhoneSimulator
		Release|Any CPU = Release|Any CPU
		Release|iPhone = Release|iPhone
		Release|iPhoneSimulator = Release|iPhoneSimulator
	EndGlobalSection
	GlobalSection(ProjectConfigurationPlatforms) = postSolution
		{56C73BE0-D4A1-43C7-9872-A9B9ED3D098C}.Debug|Any CPU.ActiveCfg = Debug|Any CPU
		{56C73BE0-D4A1-43C7-9872-A9B9ED3D098C}.Debug|Any CPU.Build.0 = Debug|Any CPU
		{56C73BE0-D4A1-43C7-9872-A9B9ED3D098C}.Debug|Any CPU.Deploy.0 = Debug|Any CPU
		{56C73BE0-D4A1-43C7-9872-A9B9ED3D098C}.Debug|iPhone.ActiveCfg = Debug|Any CPU
		{56C73BE0-D4A1-43C7-9872-A9B9ED3D098C}.Debug|iPhone.Build.0 = Debug|Any CPU
		{56C73BE0-D4A1-43C7-9872-A9B9ED3D098C}.Debug|iPhone.Deploy.0 = Debug|Any CPU
		{56C73BE0-D4A1-43C7-9872-A9B9ED3D098C}.Debug|iPhoneSimulator.ActiveCfg = Debug|Any CPU
		{56C73BE0-D4A1-43C7-9872-A9B9ED3D098C}.Debug|iPhoneSimulator.Build.0 = Debug|Any CPU
		{56C73BE0-D4A1-43C7-9872-A9B9ED3D098C}.Debug|iPhoneSimulator.Deploy.0 = Debug|Any CPU
		{56C73BE0-D4A1-43C7-9872-A9B9ED3D098C}.Release|Any CPU.ActiveCfg = Release|Any CPU
		{56C73BE0-D4A1-43C7-9872-A9B9ED3D098C}.Release|Any CPU.Build.0 = Release|Any CPU
		{56C73BE0-D4A1-43C7-9872-A9B9ED3D098C}.Release|Any CPU.Deploy.0 = Release|Any CPU
		{56C73BE0-D4A1-43C7-9872-A9B9ED3D098C}.Release|iPhone.ActiveCfg = Release|Any CPU
		{56C73BE0-D4A1-43C7-9872-A9B9ED3D098C}.Release|iPhone.Build.0 = Release|Any CPU
		{56C73BE0-D4A1-43C7-9872-A9B9ED3D098C}.Release|iPhone.Deploy.0 = Release|Any CPU
		{56C73BE0-D4A1-43C7-9872-A9B9ED3D098C}.Release|iPhoneSimulator.ActiveCfg = Release|Any CPU
		{56C73BE0-D4A1-43C7-9872-A9B9ED3D098C}.Release|iPhoneSimulator.Build.0 = Release|Any CPU
		{56C73BE0-D4A1-43C7-9872-A9B9ED3D098C}.Release|iPhoneSimulator.Deploy.0 = Release|Any CPU
		{CE61BE06-102C-4465-82F3-C881CE36931A}.Debug|Any CPU.ActiveCfg = Debug|iPhone
		{CE61BE06-102C-4465-82F3-C881CE36931A}.Debug|Any CPU.Build.0 = Debug|iPhone
		{CE61BE06-102C-4465-82F3-C881CE36931A}.Debug|Any CPU.Deploy.0 = Debug|iPhone
		{CE61BE06-102C-4465-82F3-C881CE36931A}.Debug|iPhone.ActiveCfg = Debug|iPhone
		{CE61BE06-102C-4465-82F3-C881CE36931A}.Debug|iPhone.Build.0 = Debug|iPhone
		{CE61BE06-102C-4465-82F3-C881CE36931A}.Debug|iPhone.Deploy.0 = Debug|iPhone
		{CE61BE06-102C-4465-82F3-C881CE36931A}.Debug|iPhoneSimulator.ActiveCfg = Debug|iPhoneSimulator
		{CE61BE06-102C-4465-82F3-C881CE36931A}.Debug|iPhoneSimulator.Build.0 = Debug|iPhoneSimulator
		{CE61BE06-102C-4465-82F3-C881CE36931A}.Debug|iPhoneSimulator.Deploy.0 = Debug|iPhoneSimulator
		{CE61BE06-102C-4465-82F3-C881CE36931A}.Release|Any CPU.ActiveCfg = Release|iPhoneSimulator
		{CE61BE06-102C-4465-82F3-C881CE36931A}.Release|Any CPU.Build.0 = Release|iPhoneSimulator
		{CE61BE06-102C-4465-82F3-C881CE36931A}.Release|Any CPU.Deploy.0 = Release|iPhoneSimulator
		{CE61BE06-102C-4465-82F3-C881CE36931A}.Release|iPhone.ActiveCfg = Release|iPhone
		{CE61BE06-102C-4465-82F3-C881CE36931A}.Release|iPhone.Build.0 = Release|iPhone
		{CE61BE06-102C-4465-82F3-C881CE36931A}.Release|iPhone.Deploy.0 = Release|iPhone
		{CE61BE06-102C-4465-82F3-C881CE36931A}.Release|iPhoneSimulator.ActiveCfg = Release|iPhoneSimulator
		{CE61BE06-102C-4465-82F3-C881CE36931A}.Release|iPhoneSimulator.Build.0 = Release|iPhoneSimulator
		{CE61BE06-102C-4465-82F3-C881CE36931A}.Release|iPhoneSimulator.Deploy.0 = Release|iPhoneSimulator
		{AC75EFEF-9248-4226-879E-DE576AE198B1}.Debug|Any CPU.ActiveCfg = Debug|Any CPU
		{AC75EFEF-9248-4226-879E-DE576AE198B1}.Debug|Any CPU.Build.0 = Debug|Any CPU
		{AC75EFEF-9248-4226-879E-DE576AE198B1}.Debug|Any CPU.Deploy.0 = Debug|Any CPU
		{AC75EFEF-9248-4226-879E-DE576AE198B1}.Debug|iPhone.ActiveCfg = Debug|Any CPU
		{AC75EFEF-9248-4226-879E-DE576AE198B1}.Debug|iPhone.Build.0 = Debug|Any CPU
		{AC75EFEF-9248-4226-879E-DE576AE198B1}.Debug|iPhone.Deploy.0 = Debug|Any CPU
		{AC75EFEF-9248-4226-879E-DE576AE198B1}.Debug|iPhoneSimulator.ActiveCfg = Debug|Any CPU
		{AC75EFEF-9248-4226-879E-DE576AE198B1}.Debug|iPhoneSimulator.Build.0 = Debug|Any CPU
		{AC75EFEF-9248-4226-879E-DE576AE198B1}.Debug|iPhoneSimulator.Deploy.0 = Debug|Any CPU
		{AC75EFEF-9248-4226-879E-DE576AE198B1}.Release|Any CPU.ActiveCfg = Release|Any CPU
		{AC75EFEF-9248-4226-879E-DE576AE198B1}.Release|Any CPU.Build.0 = Release|Any CPU
		{AC75EFEF-9248-4226-879E-DE576AE198B1}.Release|Any CPU.Deploy.0 = Release|Any CPU
		{AC75EFEF-9248-4226-879E-DE576AE198B1}.Release|iPhone.ActiveCfg = Release|Any CPU
		{AC75EFEF-9248-4226-879E-DE576AE198B1}.Release|iPhone.Build.0 = Release|Any CPU
		{AC75EFEF-9248-4226-879E-DE576AE198B1}.Release|iPhone.Deploy.0 = Release|Any CPU
		{AC75EFEF-9248-4226-879E-DE576AE198B1}.Release|iPhoneSimulator.ActiveCfg = Release|Any CPU
		{AC75EFEF-9248-4226-879E-DE576AE198B1}.Release|iPhoneSimulator.Build.0 = Release|Any CPU
		{AC75EFEF-9248-4226-879E-DE576AE198B1}.Release|iPhoneSimulator.Deploy.0 = Release|Any CPU
	EndGlobalSection
	GlobalSection(SolutionProperties) = preSolution
		HideSolutionNode = FALSE
	EndGlobalSection
	GlobalSection(ExtensibilityGlobals) = postSolution
		SolutionGuid = {92326DA2-B690-4563-BB5B-7A169D0BE0C7}
	EndGlobalSection
EndGlobal
